<?xml version="1.0" encoding="utf-8"?>
<Project ToolsVersion="4.0" xmlns="http://schemas.microsoft.com/developer/msbuild/2003">
  <ItemGroup>
    <Filter Include="Source Files">
      <UniqueIdentifier>{4FC737F1-C7A5-4376-A066-2A32D752A2FF}</UniqueIdentifier>
      <Extensions>cpp;c;cc;cxx;c++;cppm;ixx;def;odl;idl;hpj;bat;asm;asmx</Extensions>
    </Filter>
    <Filter Include="Header Files">
      <UniqueIdentifier>{93995380-89BD-4b04-88EB-625FBE52EBFB}</UniqueIdentifier>
      <Extensions>h;hh;hpp;hxx;h++;hm;inl;inc;ipp;xsd</Extensions>
    </Filter>
    <Filter Include="Resource Files">
      <UniqueIdentifier>{67DA6AB6-F800-4c08-8B7A-83BB121AAD01}</UniqueIdentifier>
      <Extensions>rc;ico;cur;bmp;dlg;rc2;rct;bin;rgs;gif;jpg;jpeg;jpe;resx;tiff;tif;png;wav;mfcribbon-ms</Extensions>
    </Filter>
    <Filter Include="Logger">
      <UniqueIdentifier>{5f2842a1-5612-4b92-bb35-eea1ed863930}</UniqueIdentifier>
    </Filter>
    <Filter Include="Logger\include">
      <UniqueIdentifier>{68c906aa-420f-4a69-baad-6ca4f6f0d1f5}</UniqueIdentifier>
    </Filter>
    <Filter Include="MathLib">
      <UniqueIdentifier>{c805303e-d5a1-4d4a-b476-88bc99abc92d}</UniqueIdentifier>
    </Filter>
    <Filter Include="MathLib\include">
      <UniqueIdentifier>{cd6d0504-4171-4555-a3a6-776c33b021d1}</UniqueIdentifier>
    </Filter>
    <Filter Include="Importer">
      <UniqueIdentifier>{d8b4a5af-c371-4d2e-8382-aaa3ea434983}</UniqueIdentifier>
    </Filter>
    <Filter Include="Importer\include">
      <UniqueIdentifier>{0d2d17f2-dfcd-4fe4-a529-cf1a867b6cee}</UniqueIdentifier>
    </Filter>
    <Filter Include="Logger\external">
      <UniqueIdentifier>{91ad0acf-eaed-49e3-87c3-661206f614de}</UniqueIdentifier>
    </Filter>
    <Filter Include="OpenGL_Context">
      <UniqueIdentifier>{b54034f6-6117-4354-bee1-6945dd5f079b}</UniqueIdentifier>
    </Filter>
    <Filter Include="OpenGL_Context\include">
      <UniqueIdentifier>{19401d2e-f033-4b8f-81ae-6a90feda1873}</UniqueIdentifier>
    </Filter>
  </ItemGroup>
  <ItemGroup>
    <ClCompile Include="main.cpp">
      <Filter>Source Files</Filter>
    </ClCompile>
    <ClCompile Include="..\Logger\src\Logger.cpp">
      <Filter>Logger</Filter>
    </ClCompile>
    <ClCompile Include="..\MathLib\src\Mat3.cpp">
      <Filter>MathLib</Filter>
    </ClCompile>
    <ClCompile Include="..\MathLib\src\Mat4.cpp">
      <Filter>MathLib</Filter>
    </ClCompile>
    <ClCompile Include="..\MathLib\src\Quaternion.cpp">
      <Filter>MathLib</Filter>
    </ClCompile>
    <ClCompile Include="..\MathLib\src\Vec2.cpp">
      <Filter>MathLib</Filter>
    </ClCompile>
    <ClCompile Include="..\MathLib\src\Vec3.cpp">
      <Filter>MathLib</Filter>
    </ClCompile>
    <ClCompile Include="..\MathLib\src\Vec4.cpp">
      <Filter>MathLib</Filter>
    </ClCompile>
    <ClCompile Include="..\Importer\src\OBJ_Importer.cpp">
      <Filter>Importer</Filter>
    </ClCompile>
    <ClCompile Include="..\OpenGL_Context\src\OpenGL_Logger.cpp">
      <Filter>OpenGL_Context</Filter>
    </ClCompile>
    <ClCompile Include="..\OpenGL_Context\src\ShaderLoader.cpp">
      <Filter>OpenGL_Context</Filter>
    </ClCompile>
  </ItemGroup>
  <ItemGroup>
    <ClInclude Include="..\Logger\include\Logger.h">
      <Filter>Logger\include</Filter>
    </ClInclude>
    <ClInclude Include="..\MathLib\include\Mat3.h">
      <Filter>MathLib\include</Filter>
    </ClInclude>
    <ClInclude Include="..\MathLib\include\Mat4.h">
      <Filter>MathLib\include</Filter>
    </ClInclude>
    <ClInclude Include="..\MathLib\include\Quaternion.h">
      <Filter>MathLib\include</Filter>
    </ClInclude>
    <ClInclude Include="..\MathLib\include\Vec2.h">
      <Filter>MathLib\include</Filter>
    </ClInclude>
    <ClInclude Include="..\MathLib\include\Vec3.h">
      <Filter>MathLib\include</Filter>
    </ClInclude>
    <ClInclude Include="..\MathLib\include\Vec4.h">
      <Filter>MathLib\include</Filter>
    </ClInclude>
    <ClInclude Include="..\Importer\include\OBJ_Importer.h">
      <Filter>Importer\include</Filter>
    </ClInclude>
    <ClInclude Include="..\Importer\external\stb\stb_image.h">
      <Filter>Logger\external</Filter>
    </ClInclude>
    <ClInclude Include="..\OpenGL_Context\include\OpenGL_Logger.h">
      <Filter>OpenGL_Context\include</Filter>
    </ClInclude>
    <ClInclude Include="..\OpenGL_Context\include\ShaderLoader.h">
      <Filter>OpenGL_Context\include</Filter>
    </ClInclude>
  </ItemGroup>
</Project>