<?xml version="1.0" encoding="utf-8"?>
<Project ToolsVersion="4.0" xmlns="http://schemas.microsoft.com/developer/msbuild/2003">
  <ItemGroup>
    <Filter Include="Source Files">
      <UniqueIdentifier>{4FC737F1-C7A5-4376-A066-2A32D752A2FF}</UniqueIdentifier>
      <Extensions>cpp;c;cc;cxx;c++;cppm;ixx;def;odl;idl;hpj;bat;asm;asmx</Extensions>
    </Filter>
    <Filter Include="Header Files">
      <UniqueIdentifier>{93995380-89BD-4b04-88EB-625FBE52EBFB}</UniqueIdentifier>
      <Extensions>h;hh;hpp;hxx;h++;hm;inl;inc;ipp;xsd</Extensions>
    </Filter>
    <Filter Include="Resource Files">
      <UniqueIdentifier>{67DA6AB6-F800-4c08-8B7A-83BB121AAD01}</UniqueIdentifier>
      <Extensions>rc;ico;cur;bmp;dlg;rc2;rct;bin;rgs;gif;jpg;jpeg;jpe;resx;tiff;tif;png;wav;mfcribbon-ms</Extensions>
    </Filter>
    <Filter Include="Logger">
      <UniqueIdentifier>{5f2842a1-5612-4b92-bb35-eea1ed863930}</UniqueIdentifier>
    </Filter>
    <Filter Include="Logger\include">
      <UniqueIdentifier>{68c906aa-420f-4a69-baad-6ca4f6f0d1f5}</UniqueIdentifier>
    </Filter>
    <Filter Include="MathLib">
      <UniqueIdentifier>{c805303e-d5a1-4d4a-b476-88bc99abc92d}</UniqueIdentifier>
    </Filter>
    <Filter Include="MathLib\include">
      <UniqueIdentifier>{cd6d0504-4171-4555-a3a6-776c33b021d1}</UniqueIdentifier>
    </Filter>
    <Filter Include="Importer">
      <UniqueIdentifier>{fd61b060-f105-4de9-87ac-07a3fca057a9}</UniqueIdentifier>
    </Filter>
    <Filter Include="Importer\include">
      <UniqueIdentifier>{021482c2-a5be-45b7-ba31-18bed85d03f1}</UniqueIdentifier>
    </Filter>
  </ItemGroup>
  <ItemGroup>
    <ClCompile Include="main.cpp">
      <Filter>Source Files</Filter>
    </ClCompile>
    <ClCompile Include="..\Logger\src\Logger.cpp">
      <Filter>Logger</Filter>
    </ClCompile>
    <ClCompile Include="..\MathLib\src\Mat3.cpp">
      <Filter>MathLib</Filter>
    </ClCompile>
    <ClCompile Include="..\MathLib\src\Mat4.cpp">
      <Filter>MathLib</Filter>
    </ClCompile>
    <ClCompile Include="..\MathLib\src\Quaternion.cpp">
      <Filter>MathLib</Filter>
    </ClCompile>
    <ClCompile Include="..\MathLib\src\Vec2.cpp">
      <Filter>MathLib</Filter>
    </ClCompile>
    <ClCompile Include="..\MathLib\src\Vec3.cpp">
      <Filter>MathLib</Filter>
    </ClCompile>
    <ClCompile Include="..\MathLib\src\Vec4.cpp">
      <Filter>MathLib</Filter>
    </ClCompile>
    <ClCompile Include="..\Importer\OBJ_Importer.cpp">
      <Filter>Importer</Filter>
    </ClCompile>
  </ItemGroup>
  <ItemGroup>
    <ClInclude Include="..\Logger\include\Logger.h">
      <Filter>Logger\include</Filter>
    </ClInclude>
    <ClInclude Include="..\MathLib\include\Mat3.h">
      <Filter>MathLib\include</Filter>
    </ClInclude>
    <ClInclude Include="..\MathLib\include\Mat4.h">
      <Filter>MathLib\include</Filter>
    </ClInclude>
    <ClInclude Include="..\MathLib\include\Quaternion.h">
      <Filter>MathLib\include</Filter>
    </ClInclude>
    <ClInclude Include="..\MathLib\include\Vec2.h">
      <Filter>MathLib\include</Filter>
    </ClInclude>
    <ClInclude Include="..\MathLib\include\Vec3.h">
      <Filter>MathLib\include</Filter>
    </ClInclude>
    <ClInclude Include="..\MathLib\include\Vec4.h">
      <Filter>MathLib\include</Filter>
    </ClInclude>
    <ClInclude Include="..\Importer\include\OBJ_Importer.h">
      <Filter>Importer\include</Filter>
    </ClInclude>
  </ItemGroup>
</Project>